
Microsoft Visual Studio Solution File, Format Version 12.00
# Visual Studio Version 16
VisualStudioVersion = 16.0.31005.135
MinimumVisualStudioVersion = 10.0.40219.1
Project("{FAE04EC0-301F-11D3-BF4B-00C04F79EFBC}") = "DeckController", "DeckController\DeckController.csproj", "{4CDCD2C1-15E1-4693-9450-A432A95F09BB}"
EndProject
Global
	GlobalSection(SolutionConfigurationPlatforms) = preSolution
		Debug|Any CPU = Debug|Any CPU
		Release|Any CPU = Release|Any CPU
	EndGlobalSection
	GlobalSection(ProjectConfigurationPlatforms) = postSolution
		{4CDCD2C1-15E1-4693-9450-A432A95F09BB}.Debug|Any CPU.ActiveCfg = Debug|Any CPU
		{4CDCD2C1-15E1-4693-9450-A432A95F09BB}.Debug|Any CPU.Build.0 = Debug|Any CPU
		{4CDCD2C1-15E1-4693-9450-A432A95F09BB}.Release|Any CPU.ActiveCfg = Release|Any CPU
		{4CDCD2C1-15E1-4693-9450-A432A95F09BB}.Release|Any CPU.Build.0 = Release|Any CPU
	EndGlobalSection
	GlobalSection(SolutionProperties) = preSolution
		HideSolutionNode = FALSE
	EndGlobalSection
	GlobalSection(ExtensibilityGlobals) = postSolution
		SolutionGuid = {3348CBCC-85B2-4C00-A0F5-337C759EDEDE}
	EndGlobalSection
EndGlobal
